// !$*UTF8*$!
{
	archiveVersion = 1;
	classes = {
	};
	objectVersion = 46;
	objects = {

/* Begin PBXBuildFile section */
		2609406B1C4E834C004A40AF /* SeriesBaseTableViewController.m in Sources */ = {isa = PBXBuildFile; fileRef = 2609406A1C4E834C004A40AF /* SeriesBaseTableViewController.m */; };
		2609406E1C4E8589004A40AF /* SeriesMainTableViewController.m in Sources */ = {isa = PBXBuildFile; fileRef = 2609406D1C4E8589004A40AF /* SeriesMainTableViewController.m */; };
		260940731C4E8DEE004A40AF /* SeriesResultsTableCell.xib in Resources */ = {isa = PBXBuildFile; fileRef = 260940721C4E8DEE004A40AF /* SeriesResultsTableCell.xib */; };
		260940781C4E9720004A40AF /* SeriesInterfaceConnection.m in Sources */ = {isa = PBXBuildFile; fileRef = 260940771C4E9720004A40AF /* SeriesInterfaceConnection.m */; };
		2609407A1C4FAFC6004A40AF /* SeriesCollectionTableViewController.m in Sources */ = {isa = PBXBuildFile; fileRef = 260940791C4FAFC6004A40AF /* SeriesCollectionTableViewController.m */; };
		2609407E1C4FB126004A40AF /* SeriesCollectionTableCell.xib in Resources */ = {isa = PBXBuildFile; fileRef = 2609407D1C4FB126004A40AF /* SeriesCollectionTableCell.xib */; };
		263613CA1C5505E9001BACB3 /* SeriesResultsTableViewController.m in Sources */ = {isa = PBXBuildFile; fileRef = 263613C91C5505E9001BACB3 /* SeriesResultsTableViewController.m */; };
		263613D21C55082D001BACB3 /* SeriesResultsTableController.m in Sources */ = {isa = PBXBuildFile; fileRef = 263613D11C55082D001BACB3 /* SeriesResultsTableController.m */; };
		263613D91C55161B001BACB3 /* SeriesDetailViewController.m in Sources */ = {isa = PBXBuildFile; fileRef = 263613D81C55161B001BACB3 /* SeriesDetailViewController.m */; };
		263613DC1C5518AA001BACB3 /* Main.storyboard in Resources */ = {isa = PBXBuildFile; fileRef = 263613DA1C5518AA001BACB3 /* Main.storyboard */; };
		263613DF1C593EA9001BACB3 /* SeriesManager.m in Sources */ = {isa = PBXBuildFile; fileRef = 263613DE1C593EA9001BACB3 /* SeriesManager.m */; };
		263613E21C595BAA001BACB3 /* SeriesCollectionTableViewCell.m in Sources */ = {isa = PBXBuildFile; fileRef = 263613E11C595BAA001BACB3 /* SeriesCollectionTableViewCell.m */; };
		263613E51C5A2607001BACB3 /* Episode.m in Sources */ = {isa = PBXBuildFile; fileRef = 263613E41C5A2607001BACB3 /* Episode.m */; };
		2648C4631C45055B00FF6AA1 /* main.m in Sources */ = {isa = PBXBuildFile; fileRef = 2648C4621C45055B00FF6AA1 /* main.m */; };
		2648C4661C45055B00FF6AA1 /* AppDelegate.m in Sources */ = {isa = PBXBuildFile; fileRef = 2648C4651C45055B00FF6AA1 /* AppDelegate.m */; };
		2648C4711C45055B00FF6AA1 /* Assets.xcassets in Resources */ = {isa = PBXBuildFile; fileRef = 2648C4701C45055B00FF6AA1 /* Assets.xcassets */; };
		2648C4741C45055B00FF6AA1 /* LaunchScreen.storyboard in Resources */ = {isa = PBXBuildFile; fileRef = 2648C4721C45055B00FF6AA1 /* LaunchScreen.storyboard */; };
		2648C47C1C45137100FF6AA1 /* EpisodesTableViewController.m in Sources */ = {isa = PBXBuildFile; fileRef = 2648C47B1C45137100FF6AA1 /* EpisodesTableViewController.m */; };
		2648C4801C45184300FF6AA1 /* TabBarController.m in Sources */ = {isa = PBXBuildFile; fileRef = 2648C47F1C45184300FF6AA1 /* TabBarController.m */; };
		2648C4831C451DD000FF6AA1 /* Series.m in Sources */ = {isa = PBXBuildFile; fileRef = 2648C4821C451DD000FF6AA1 /* Series.m */; };
		2668A1361C6BB061006D2A21 /* Series.storyboard in Resources */ = {isa = PBXBuildFile; fileRef = 2668A1351C6BB061006D2A21 /* Series.storyboard */; };
		26C80A2F1C46A05C00080C42 /* SeasonTableViewController.m in Sources */ = {isa = PBXBuildFile; fileRef = 26C80A2E1C46A05C00080C42 /* SeasonTableViewController.m */; };
		4DBDBBA510A84B773B7275B5 /* libPods-WatchPad.a in Frameworks */ = {isa = PBXBuildFile; fileRef = 351A852D9EA4E38718F5DE2F /* libPods-WatchPad.a */; };
/* End PBXBuildFile section */

/* Begin PBXFileReference section */
		18BAD56969894784CDD467F9 /* Pods-WatchPad.debug.xcconfig */ = {isa = PBXFileReference; includeInIndex = 1; lastKnownFileType = text.xcconfig; name = "Pods-WatchPad.debug.xcconfig"; path = "Pods/Target Support Files/Pods-WatchPad/Pods-WatchPad.debug.xcconfig"; sourceTree = "<group>"; };
		260940691C4E834C004A40AF /* SeriesBaseTableViewController.h */ = {isa = PBXFileReference; fileEncoding = 4; lastKnownFileType = sourcecode.c.h; path = SeriesBaseTableViewController.h; sourceTree = "<group>"; };
		2609406A1C4E834C004A40AF /* SeriesBaseTableViewController.m */ = {isa = PBXFileReference; fileEncoding = 4; lastKnownFileType = sourcecode.c.objc; path = SeriesBaseTableViewController.m; sourceTree = "<group>"; };
		2609406C1C4E8589004A40AF /* SeriesMainTableViewController.h */ = {isa = PBXFileReference; fileEncoding = 4; lastKnownFileType = sourcecode.c.h; path = SeriesMainTableViewController.h; sourceTree = "<group>"; };
		2609406D1C4E8589004A40AF /* SeriesMainTableViewController.m */ = {isa = PBXFileReference; fileEncoding = 4; lastKnownFileType = sourcecode.c.objc; path = SeriesMainTableViewController.m; sourceTree = "<group>"; };
		260940721C4E8DEE004A40AF /* SeriesResultsTableCell.xib */ = {isa = PBXFileReference; fileEncoding = 4; lastKnownFileType = file.xib; path = SeriesResultsTableCell.xib; sourceTree = "<group>"; };
		260940761C4E9720004A40AF /* SeriesInterfaceConnection.h */ = {isa = PBXFileReference; fileEncoding = 4; lastKnownFileType = sourcecode.c.h; path = SeriesInterfaceConnection.h; sourceTree = "<group>"; };
		260940771C4E9720004A40AF /* SeriesInterfaceConnection.m */ = {isa = PBXFileReference; fileEncoding = 4; lastKnownFileType = sourcecode.c.objc; path = SeriesInterfaceConnection.m; sourceTree = "<group>"; };
		260940791C4FAFC6004A40AF /* SeriesCollectionTableViewController.m */ = {isa = PBXFileReference; fileEncoding = 4; lastKnownFileType = sourcecode.c.objc; path = SeriesCollectionTableViewController.m; sourceTree = "<group>"; };
		2609407C1C4FB091004A40AF /* SeriesCollectionTableViewController.h */ = {isa = PBXFileReference; fileEncoding = 4; lastKnownFileType = sourcecode.c.h; path = SeriesCollectionTableViewController.h; sourceTree = "<group>"; };
		2609407D1C4FB126004A40AF /* SeriesCollectionTableCell.xib */ = {isa = PBXFileReference; fileEncoding = 4; lastKnownFileType = file.xib; path = SeriesCollectionTableCell.xib; sourceTree = "<group>"; };
		263613C91C5505E9001BACB3 /* SeriesResultsTableViewController.m */ = {isa = PBXFileReference; fileEncoding = 4; lastKnownFileType = sourcecode.c.objc; path = SeriesResultsTableViewController.m; sourceTree = "<group>"; };
		263613CC1C5506BF001BACB3 /* SeriesResultsTableViewController.h */ = {isa = PBXFileReference; fileEncoding = 4; lastKnownFileType = sourcecode.c.h; path = SeriesResultsTableViewController.h; sourceTree = "<group>"; };
		263613D01C55082D001BACB3 /* SeriesResultsTableController.h */ = {isa = PBXFileReference; fileEncoding = 4; lastKnownFileType = sourcecode.c.h; path = SeriesResultsTableController.h; sourceTree = "<group>"; };
		263613D11C55082D001BACB3 /* SeriesResultsTableController.m */ = {isa = PBXFileReference; fileEncoding = 4; lastKnownFileType = sourcecode.c.objc; path = SeriesResultsTableController.m; sourceTree = "<group>"; };
		263613D71C55161B001BACB3 /* SeriesDetailViewController.h */ = {isa = PBXFileReference; fileEncoding = 4; lastKnownFileType = sourcecode.c.h; path = SeriesDetailViewController.h; sourceTree = "<group>"; };
		263613D81C55161B001BACB3 /* SeriesDetailViewController.m */ = {isa = PBXFileReference; fileEncoding = 4; lastKnownFileType = sourcecode.c.objc; path = SeriesDetailViewController.m; sourceTree = "<group>"; };
		263613DB1C5518AA001BACB3 /* Base */ = {isa = PBXFileReference; lastKnownFileType = file.storyboard; name = Base; path = Base.lproj/Main.storyboard; sourceTree = "<group>"; };
		263613DD1C593EA9001BACB3 /* SeriesManager.h */ = {isa = PBXFileReference; fileEncoding = 4; lastKnownFileType = sourcecode.c.h; path = SeriesManager.h; sourceTree = "<group>"; };
		263613DE1C593EA9001BACB3 /* SeriesManager.m */ = {isa = PBXFileReference; fileEncoding = 4; lastKnownFileType = sourcecode.c.objc; path = SeriesManager.m; sourceTree = "<group>"; };
		263613E01C595BAA001BACB3 /* SeriesCollectionTableViewCell.h */ = {isa = PBXFileReference; fileEncoding = 4; lastKnownFileType = sourcecode.c.h; path = SeriesCollectionTableViewCell.h; sourceTree = "<group>"; };
		263613E11C595BAA001BACB3 /* SeriesCollectionTableViewCell.m */ = {isa = PBXFileReference; fileEncoding = 4; lastKnownFileType = sourcecode.c.objc; path = SeriesCollectionTableViewCell.m; sourceTree = "<group>"; };
		263613E31C5A2607001BACB3 /* Episode.h */ = {isa = PBXFileReference; fileEncoding = 4; lastKnownFileType = sourcecode.c.h; path = Episode.h; sourceTree = "<group>"; };
		263613E41C5A2607001BACB3 /* Episode.m */ = {isa = PBXFileReference; fileEncoding = 4; lastKnownFileType = sourcecode.c.objc; path = Episode.m; sourceTree = "<group>"; };
		2648C45E1C45055B00FF6AA1 /* WatchPad.app */ = {isa = PBXFileReference; explicitFileType = wrapper.application; includeInIndex = 0; path = WatchPad.app; sourceTree = BUILT_PRODUCTS_DIR; };
		2648C4621C45055B00FF6AA1 /* main.m */ = {isa = PBXFileReference; lastKnownFileType = sourcecode.c.objc; path = main.m; sourceTree = "<group>"; };
		2648C4641C45055B00FF6AA1 /* AppDelegate.h */ = {isa = PBXFileReference; lastKnownFileType = sourcecode.c.h; path = AppDelegate.h; sourceTree = "<group>"; };
		2648C4651C45055B00FF6AA1 /* AppDelegate.m */ = {isa = PBXFileReference; lastKnownFileType = sourcecode.c.objc; path = AppDelegate.m; sourceTree = "<group>"; };
		2648C4701C45055B00FF6AA1 /* Assets.xcassets */ = {isa = PBXFileReference; lastKnownFileType = folder.assetcatalog; path = Assets.xcassets; sourceTree = "<group>"; };
		2648C4731C45055B00FF6AA1 /* Base */ = {isa = PBXFileReference; lastKnownFileType = file.storyboard; name = Base; path = Base.lproj/LaunchScreen.storyboard; sourceTree = "<group>"; };
		2648C4751C45055B00FF6AA1 /* Info.plist */ = {isa = PBXFileReference; lastKnownFileType = text.plist.xml; path = Info.plist; sourceTree = "<group>"; };
		2648C47B1C45137100FF6AA1 /* EpisodesTableViewController.m */ = {isa = PBXFileReference; fileEncoding = 4; lastKnownFileType = sourcecode.c.objc; path = EpisodesTableViewController.m; sourceTree = "<group>"; };
		2648C47D1C45138900FF6AA1 /* EpisodesTableViewController.h */ = {isa = PBXFileReference; fileEncoding = 4; lastKnownFileType = sourcecode.c.h; path = EpisodesTableViewController.h; sourceTree = "<group>"; };
		2648C47E1C45184300FF6AA1 /* TabBarController.h */ = {isa = PBXFileReference; fileEncoding = 4; lastKnownFileType = sourcecode.c.h; path = TabBarController.h; sourceTree = "<group>"; };
		2648C47F1C45184300FF6AA1 /* TabBarController.m */ = {isa = PBXFileReference; fileEncoding = 4; lastKnownFileType = sourcecode.c.objc; path = TabBarController.m; sourceTree = "<group>"; };
		2648C4811C451DD000FF6AA1 /* Series.h */ = {isa = PBXFileReference; fileEncoding = 4; lastKnownFileType = sourcecode.c.h; path = Series.h; sourceTree = "<group>"; };
		2648C4821C451DD000FF6AA1 /* Series.m */ = {isa = PBXFileReference; fileEncoding = 4; lastKnownFileType = sourcecode.c.objc; path = Series.m; sourceTree = "<group>"; };
		2668A1351C6BB061006D2A21 /* Series.storyboard */ = {isa = PBXFileReference; fileEncoding = 4; lastKnownFileType = file.storyboard; path = Series.storyboard; sourceTree = "<group>"; };
		26C80A2D1C46A05C00080C42 /* SeasonTableViewController.h */ = {isa = PBXFileReference; fileEncoding = 4; lastKnownFileType = sourcecode.c.h; path = SeasonTableViewController.h; sourceTree = "<group>"; };
		26C80A2E1C46A05C00080C42 /* SeasonTableViewController.m */ = {isa = PBXFileReference; fileEncoding = 4; lastKnownFileType = sourcecode.c.objc; path = SeasonTableViewController.m; sourceTree = "<group>"; };
		351A852D9EA4E38718F5DE2F /* libPods-WatchPad.a */ = {isa = PBXFileReference; explicitFileType = archive.ar; includeInIndex = 0; path = "libPods-WatchPad.a"; sourceTree = BUILT_PRODUCTS_DIR; };
		A694758A1D0A87B2788B3F36 /* Pods-WatchPad.release.xcconfig */ = {isa = PBXFileReference; includeInIndex = 1; lastKnownFileType = text.xcconfig; name = "Pods-WatchPad.release.xcconfig"; path = "Pods/Target Support Files/Pods-WatchPad/Pods-WatchPad.release.xcconfig"; sourceTree = "<group>"; };
/* End PBXFileReference section */

/* Begin PBXFrameworksBuildPhase section */
		2648C45B1C45055B00FF6AA1 /* Frameworks */ = {
			isa = PBXFrameworksBuildPhase;
			buildActionMask = 2147483647;
			files = (
				4DBDBBA510A84B773B7275B5 /* libPods-WatchPad.a in Frameworks */,
			);
			runOnlyForDeploymentPostprocessing = 0;
		};
/* End PBXFrameworksBuildPhase section */

/* Begin PBXGroup section */
		1ACC40284DD9BC7E5E8A54F4 /* Pods */ = {
			isa = PBXGroup;
			children = (
				18BAD56969894784CDD467F9 /* Pods-WatchPad.debug.xcconfig */,
				A694758A1D0A87B2788B3F36 /* Pods-WatchPad.release.xcconfig */,
			);
			name = Pods;
			sourceTree = "<group>";
		};
		260940741C4E90D4004A40AF /* Seasons */ = {
			isa = PBXGroup;
			children = (
				26C80A2D1C46A05C00080C42 /* SeasonTableViewController.h */,
				26C80A2E1C46A05C00080C42 /* SeasonTableViewController.m */,
			);
			name = Seasons;
			sourceTree = "<group>";
		};
		260940751C4E90E0004A40AF /* Episodes */ = {
			isa = PBXGroup;
			children = (
				263613E31C5A2607001BACB3 /* Episode.h */,
				263613E41C5A2607001BACB3 /* Episode.m */,
				2648C47D1C45138900FF6AA1 /* EpisodesTableViewController.h */,
				2648C47B1C45137100FF6AA1 /* EpisodesTableViewController.m */,
			);
			name = Episodes;
			sourceTree = "<group>";
		};
		263613D31C550E61001BACB3 /* ApiConnection */ = {
			isa = PBXGroup;
			children = (
				260940761C4E9720004A40AF /* SeriesInterfaceConnection.h */,
				260940771C4E9720004A40AF /* SeriesInterfaceConnection.m */,
			);
			name = ApiConnection;
			sourceTree = "<group>";
		};
		2648C4551C45055A00FF6AA1 = {
			isa = PBXGroup;
			children = (
				2648C4601C45055B00FF6AA1 /* WatchPad */,
				2648C45F1C45055B00FF6AA1 /* Products */,
				1ACC40284DD9BC7E5E8A54F4 /* Pods */,
				80DC9BB5781797198B895E12 /* Frameworks */,
			);
			sourceTree = "<group>";
		};
		2648C45F1C45055B00FF6AA1 /* Products */ = {
			isa = PBXGroup;
			children = (
				2648C45E1C45055B00FF6AA1 /* WatchPad.app */,
			);
			name = Products;
			sourceTree = "<group>";
		};
		2648C4601C45055B00FF6AA1 /* WatchPad */ = {
			isa = PBXGroup;
			children = (
				263613D31C550E61001BACB3 /* ApiConnection */,
				2648C4641C45055B00FF6AA1 /* AppDelegate.h */,
				2648C4651C45055B00FF6AA1 /* AppDelegate.m */,
				2648C47E1C45184300FF6AA1 /* TabBarController.h */,
				2648C47F1C45184300FF6AA1 /* TabBarController.m */,
				26C80A291C46896E00080C42 /* Series */,
				260940741C4E90D4004A40AF /* Seasons */,
				260940751C4E90E0004A40AF /* Episodes */,
				2648C4611C45055B00FF6AA1 /* Supporting Files */,
			);
			path = WatchPad;
			sourceTree = "<group>";
		};
		2648C4611C45055B00FF6AA1 /* Supporting Files */ = {
			isa = PBXGroup;
			children = (
				2648C4701C45055B00FF6AA1 /* Assets.xcassets */,
				2648C4721C45055B00FF6AA1 /* LaunchScreen.storyboard */,
				263613DA1C5518AA001BACB3 /* Main.storyboard */,
				2668A1351C6BB061006D2A21 /* Series.storyboard */,
				260940721C4E8DEE004A40AF /* SeriesResultsTableCell.xib */,
				2609407D1C4FB126004A40AF /* SeriesCollectionTableCell.xib */,
				2648C4751C45055B00FF6AA1 /* Info.plist */,
				2648C4621C45055B00FF6AA1 /* main.m */,
			);
			name = "Supporting Files";
			sourceTree = "<group>";
		};
		26C80A291C46896E00080C42 /* Series */ = {
			isa = PBXGroup;
			children = (
				2648C4811C451DD000FF6AA1 /* Series.h */,
				2648C4821C451DD000FF6AA1 /* Series.m */,
				263613DD1C593EA9001BACB3 /* SeriesManager.h */,
				263613DE1C593EA9001BACB3 /* SeriesManager.m */,
				260940691C4E834C004A40AF /* SeriesBaseTableViewController.h */,
				2609406A1C4E834C004A40AF /* SeriesBaseTableViewController.m */,
				2609406C1C4E8589004A40AF /* SeriesMainTableViewController.h */,
				2609406D1C4E8589004A40AF /* SeriesMainTableViewController.m */,
				2609407C1C4FB091004A40AF /* SeriesCollectionTableViewController.h */,
				260940791C4FAFC6004A40AF /* SeriesCollectionTableViewController.m */,
				263613CC1C5506BF001BACB3 /* SeriesResultsTableViewController.h */,
				263613C91C5505E9001BACB3 /* SeriesResultsTableViewController.m */,
				263613D01C55082D001BACB3 /* SeriesResultsTableController.h */,
				263613D11C55082D001BACB3 /* SeriesResultsTableController.m */,
				263613D71C55161B001BACB3 /* SeriesDetailViewController.h */,
				263613D81C55161B001BACB3 /* SeriesDetailViewController.m */,
				263613E01C595BAA001BACB3 /* SeriesCollectionTableViewCell.h */,
				263613E11C595BAA001BACB3 /* SeriesCollectionTableViewCell.m */,
			);
			name = Series;
			sourceTree = "<group>";
		};
		80DC9BB5781797198B895E12 /* Frameworks */ = {
			isa = PBXGroup;
			children = (
				351A852D9EA4E38718F5DE2F /* libPods-WatchPad.a */,
			);
			name = Frameworks;
			sourceTree = "<group>";
		};
/* End PBXGroup section */

/* Begin PBXNativeTarget section */
		2648C45D1C45055B00FF6AA1 /* WatchPad */ = {
			isa = PBXNativeTarget;
			buildConfigurationList = 2648C4781C45055B00FF6AA1 /* Build configuration list for PBXNativeTarget "WatchPad" */;
			buildPhases = (
				4053215E0D97487E48C92962 /* Check Pods Manifest.lock */,
				2648C45A1C45055B00FF6AA1 /* Sources */,
				2648C45B1C45055B00FF6AA1 /* Frameworks */,
				2648C45C1C45055B00FF6AA1 /* Resources */,
				6953223F2E6B8E36394B3919 /* Embed Pods Frameworks */,
				8817DF84A7428CD442FA37D1 /* Copy Pods Resources */,
			);
			buildRules = (
			);
			dependencies = (
			);
			name = WatchPad;
			productName = WatchPad;
			productReference = 2648C45E1C45055B00FF6AA1 /* WatchPad.app */;
			productType = "com.apple.product-type.application";
		};
/* End PBXNativeTarget section */

/* Begin PBXProject section */
		2648C4561C45055A00FF6AA1 /* Project object */ = {
			isa = PBXProject;
			attributes = {
				LastUpgradeCheck = 0720;
				ORGANIZATIONNAME = "Sven Schiffer";
				TargetAttributes = {
					2648C45D1C45055B00FF6AA1 = {
						CreatedOnToolsVersion = 7.2;
						DevelopmentTeam = N2F7XG7N58;
					};
				};
			};
			buildConfigurationList = 2648C4591C45055A00FF6AA1 /* Build configuration list for PBXProject "WatchPad" */;
			compatibilityVersion = "Xcode 3.2";
			developmentRegion = English;
			hasScannedForEncodings = 0;
			knownRegions = (
				en,
				Base,
			);
			mainGroup = 2648C4551C45055A00FF6AA1;
			productRefGroup = 2648C45F1C45055B00FF6AA1 /* Products */;
			projectDirPath = "";
			projectRoot = "";
			targets = (
				2648C45D1C45055B00FF6AA1 /* WatchPad */,
			);
		};
/* End PBXProject section */

/* Begin PBXResourcesBuildPhase section */
		2648C45C1C45055B00FF6AA1 /* Resources */ = {
			isa = PBXResourcesBuildPhase;
			buildActionMask = 2147483647;
			files = (
				2648C4741C45055B00FF6AA1 /* LaunchScreen.storyboard in Resources */,
				2668A1361C6BB061006D2A21 /* Series.storyboard in Resources */,
				263613DC1C5518AA001BACB3 /* Main.storyboard in Resources */,
				2648C4711C45055B00FF6AA1 /* Assets.xcassets in Resources */,
				260940731C4E8DEE004A40AF /* SeriesResultsTableCell.xib in Resources */,
				2609407E1C4FB126004A40AF /* SeriesCollectionTableCell.xib in Resources */,
			);
			runOnlyForDeploymentPostprocessing = 0;
		};
/* End PBXResourcesBuildPhase section */

/* Begin PBXShellScriptBuildPhase section */
		4053215E0D97487E48C92962 /* Check Pods Manifest.lock */ = {
			isa = PBXShellScriptBuildPhase;
			buildActionMask = 2147483647;
			files = (
			);
			inputPaths = (
			);
			name = "Check Pods Manifest.lock";
			outputPaths = (
			);
			runOnlyForDeploymentPostprocessing = 0;
			shellPath = /bin/sh;
			shellScript = "diff \"${PODS_ROOT}/../Podfile.lock\" \"${PODS_ROOT}/Manifest.lock\" > /dev/null\nif [[ $? != 0 ]] ; then\n    cat << EOM\nerror: The sandbox is not in sync with the Podfile.lock. Run 'pod install' or update your CocoaPods installation.\nEOM\n    exit 1\nfi\n";
			showEnvVarsInLog = 0;
		};
		6953223F2E6B8E36394B3919 /* Embed Pods Frameworks */ = {
			isa = PBXShellScriptBuildPhase;
			buildActionMask = 2147483647;
			files = (
			);
			inputPaths = (
			);
			name = "Embed Pods Frameworks";
			outputPaths = (
			);
			runOnlyForDeploymentPostprocessing = 0;
			shellPath = /bin/sh;
			shellScript = "\"${SRCROOT}/Pods/Target Support Files/Pods-WatchPad/Pods-WatchPad-frameworks.sh\"\n";
			showEnvVarsInLog = 0;
		};
		8817DF84A7428CD442FA37D1 /* Copy Pods Resources */ = {
			isa = PBXShellScriptBuildPhase;
			buildActionMask = 2147483647;
			files = (
			);
			inputPaths = (
			);
			name = "Copy Pods Resources";
			outputPaths = (
			);
			runOnlyForDeploymentPostprocessing = 0;
			shellPath = /bin/sh;
			shellScript = "\"${SRCROOT}/Pods/Target Support Files/Pods-WatchPad/Pods-WatchPad-resources.sh\"\n";
			showEnvVarsInLog = 0;
		};
/* End PBXShellScriptBuildPhase section */

/* Begin PBXSourcesBuildPhase section */
		2648C45A1C45055B00FF6AA1 /* Sources */ = {
			isa = PBXSourcesBuildPhase;
			buildActionMask = 2147483647;
			files = (
				263613D91C55161B001BACB3 /* SeriesDetailViewController.m in Sources */,
				263613E51C5A2607001BACB3 /* Episode.m in Sources */,
				2648C4661C45055B00FF6AA1 /* AppDelegate.m in Sources */,
				2648C4831C451DD000FF6AA1 /* Series.m in Sources */,
				2648C4801C45184300FF6AA1 /* TabBarController.m in Sources */,
				263613E21C595BAA001BACB3 /* SeriesCollectionTableViewCell.m in Sources */,
				2609407A1C4FAFC6004A40AF /* SeriesCollectionTableViewController.m in Sources */,
				2648C47C1C45137100FF6AA1 /* EpisodesTableViewController.m in Sources */,
				263613DF1C593EA9001BACB3 /* SeriesManager.m in Sources */,
				2609406E1C4E8589004A40AF /* SeriesMainTableViewController.m in Sources */,
				263613D21C55082D001BACB3 /* SeriesResultsTableController.m in Sources */,
				26C80A2F1C46A05C00080C42 /* SeasonTableViewController.m in Sources */,
				260940781C4E9720004A40AF /* SeriesInterfaceConnection.m in Sources */,
				2609406B1C4E834C004A40AF /* SeriesBaseTableViewController.m in Sources */,
				263613CA1C5505E9001BACB3 /* SeriesResultsTableViewController.m in Sources */,
				2648C4631C45055B00FF6AA1 /* main.m in Sources */,
			);
			runOnlyForDeploymentPostprocessing = 0;
		};
/* End PBXSourcesBuildPhase section */

/* Begin PBXVariantGroup section */
		263613DA1C5518AA001BACB3 /* Main.storyboard */ = {
			isa = PBXVariantGroup;
			children = (
				263613DB1C5518AA001BACB3 /* Base */,
			);
			name = Main.storyboard;
			sourceTree = "<group>";
		};
		2648C4721C45055B00FF6AA1 /* LaunchScreen.storyboard */ = {
			isa = PBXVariantGroup;
			children = (
				2648C4731C45055B00FF6AA1 /* Base */,
			);
			name = LaunchScreen.storyboard;
			sourceTree = "<group>";
		};
/* End PBXVariantGroup section */

/* Begin XCBuildConfiguration section */
		2648C4761C45055B00FF6AA1 /* Debug */ = {
			isa = XCBuildConfiguration;
			buildSettings = {
				ALWAYS_SEARCH_USER_PATHS = NO;
				CLANG_CXX_LANGUAGE_STANDARD = "gnu++0x";
				CLANG_CXX_LIBRARY = "libc++";
				CLANG_ENABLE_MODULES = YES;
				CLANG_ENABLE_OBJC_ARC = YES;
				CLANG_WARN_BOOL_CONVERSION = YES;
				CLANG_WARN_CONSTANT_CONVERSION = YES;
				CLANG_WARN_DIRECT_OBJC_ISA_USAGE = YES_ERROR;
				CLANG_WARN_EMPTY_BODY = YES;
				CLANG_WARN_ENUM_CONVERSION = YES;
				CLANG_WARN_INT_CONVERSION = YES;
				CLANG_WARN_OBJC_ROOT_CLASS = YES_ERROR;
				CLANG_WARN_UNREACHABLE_CODE = YES;
				CLANG_WARN__DUPLICATE_METHOD_MATCH = YES;
				"CODE_SIGN_IDENTITY[sdk=iphoneos*]" = "iPhone Developer";
				COPY_PHASE_STRIP = NO;
				DEBUG_INFORMATION_FORMAT = dwarf;
				ENABLE_STRICT_OBJC_MSGSEND = YES;
				ENABLE_TESTABILITY = YES;
				GCC_C_LANGUAGE_STANDARD = gnu99;
				GCC_DYNAMIC_NO_PIC = NO;
				GCC_NO_COMMON_BLOCKS = YES;
				GCC_OPTIMIZATION_LEVEL = 0;
				GCC_PREPROCESSOR_DEFINITIONS = (
					"DEBUG=1",
					"$(inherited)",
				);
				GCC_WARN_64_TO_32_BIT_CONVERSION = YES;
				GCC_WARN_ABOUT_RETURN_TYPE = YES_ERROR;
				GCC_WARN_UNDECLARED_SELECTOR = YES;
				GCC_WARN_UNINITIALIZED_AUTOS = YES_AGGRESSIVE;
				GCC_WARN_UNUSED_FUNCTION = YES;
				GCC_WARN_UNUSED_VARIABLE = YES;
				IPHONEOS_DEPLOYMENT_TARGET = 9.2;
				MTL_ENABLE_DEBUG_INFO = YES;
				ONLY_ACTIVE_ARCH = YES;
				SDKROOT = iphoneos;
				TARGETED_DEVICE_FAMILY = "1,2";
			};
			name = Debug;
		};
		2648C4771C45055B00FF6AA1 /* Release */ = {
			isa = XCBuildConfiguration;
			buildSettings = {
				ALWAYS_SEARCH_USER_PATHS = NO;
				CLANG_CXX_LANGUAGE_STANDARD = "gnu++0x";
				CLANG_CXX_LIBRARY = "libc++";
				CLANG_ENABLE_MODULES = YES;
				CLANG_ENABLE_OBJC_ARC = YES;
				CLANG_WARN_BOOL_CONVERSION = YES;
				CLANG_WARN_CONSTANT_CONVERSION = YES;
				CLANG_WARN_DIRECT_OBJC_ISA_USAGE = YES_ERROR;
				CLANG_WARN_EMPTY_BODY = YES;
				CLANG_WARN_ENUM_CONVERSION = YES;
				CLANG_WARN_INT_CONVERSION = YES;
				CLANG_WARN_OBJC_ROOT_CLASS = YES_ERROR;
				CLANG_WARN_UNREACHABLE_CODE = YES;
				CLANG_WARN__DUPLICATE_METHOD_MATCH = YES;
				"CODE_SIGN_IDENTITY[sdk=iphoneos*]" = "iPhone Developer";
				COPY_PHASE_STRIP = NO;
				DEBUG_INFORMATION_FORMAT = "dwarf-with-dsym";
				ENABLE_NS_ASSERTIONS = NO;
				ENABLE_STRICT_OBJC_MSGSEND = YES;
				GCC_C_LANGUAGE_STANDARD = gnu99;
				GCC_NO_COMMON_BLOCKS = YES;
				GCC_WARN_64_TO_32_BIT_CONVERSION = YES;
				GCC_WARN_ABOUT_RETURN_TYPE = YES_ERROR;
				GCC_WARN_UNDECLARED_SELECTOR = YES;
				GCC_WARN_UNINITIALIZED_AUTOS = YES_AGGRESSIVE;
				GCC_WARN_UNUSED_FUNCTION = YES;
				GCC_WARN_UNUSED_VARIABLE = YES;
				IPHONEOS_DEPLOYMENT_TARGET = 9.2;
				MTL_ENABLE_DEBUG_INFO = NO;
				SDKROOT = iphoneos;
				TARGETED_DEVICE_FAMILY = "1,2";
				VALIDATE_PRODUCT = YES;
			};
			name = Release;
		};
		2648C4791C45055B00FF6AA1 /* Debug */ = {
			isa = XCBuildConfiguration;
			baseConfigurationReference = 18BAD56969894784CDD467F9 /* Pods-WatchPad.debug.xcconfig */;
			buildSettings = {
				ASSETCATALOG_COMPILER_APPICON_NAME = AppIcon;
				INFOPLIST_FILE = WatchPad/Info.plist;
				LD_RUNPATH_SEARCH_PATHS = "$(inherited) @executable_path/Frameworks";
				PRODUCT_BUNDLE_IDENTIFIER = "de.th-koeln.hiimzvaehn.WatchPad";
				PRODUCT_NAME = "$(TARGET_NAME)";
			};
			name = Debug;
		};
		2648C47A1C45055B00FF6AA1 /* Release */ = {
			isa = XCBuildConfiguration;
			baseConfigurationReference = A694758A1D0A87B2788B3F36 /* Pods-WatchPad.release.xcconfig */;
			buildSettings = {
				ASSETCATALOG_COMPILER_APPICON_NAME = AppIcon;
				INFOPLIST_FILE = WatchPad/Info.plist;
				LD_RUNPATH_SEARCH_PATHS = "$(inherited) @executable_path/Frameworks";
				PRODUCT_BUNDLE_IDENTIFIER = "de.th-koeln.hiimzvaehn.WatchPad";
				PRODUCT_NAME = "$(TARGET_NAME)";
			};
			name = Release;
		};
/* End XCBuildConfiguration section */

/* Begin XCConfigurationList section */
		2648C4591C45055A00FF6AA1 /* Build configuration list for PBXProject "WatchPad" */ = {
			isa = XCConfigurationList;
			buildConfigurations = (
				2648C4761C45055B00FF6AA1 /* Debug */,
				2648C4771C45055B00FF6AA1 /* Release */,
			);
			defaultConfigurationIsVisible = 0;
			defaultConfigurationName = Release;
		};
		2648C4781C45055B00FF6AA1 /* Build configuration list for PBXNativeTarget "WatchPad" */ = {
			isa = XCConfigurationList;
			buildConfigurations = (
				2648C4791C45055B00FF6AA1 /* Debug */,
				2648C47A1C45055B00FF6AA1 /* Release */,
			);
			defaultConfigurationIsVisible = 0;
			defaultConfigurationName = Release;
		};
/* End XCConfigurationList section */
	};
	rootObject = 2648C4561C45055A00FF6AA1 /* Project object */;
}
